
Microsoft Visual Studio Solution File, Format Version 12.00
# Visual Studio Version 17
VisualStudioVersion = 17.14.36408.4 d17.14
MinimumVisualStudioVersion = 10.0.40219.1
Project("{FAE04EC0-301F-11D3-BF4B-00C04F79EFBC}") = "BT_0210", "BT_0210.csproj", "{1B1A69C5-8409-4FE4-9C03-39503D997065}"
EndProject
Global
	GlobalSection(SolutionConfigurationPlatforms) = preSolution
		Debug|Any CPU = Debug|Any CPU
		Release|Any CPU = Release|Any CPU
	EndGlobalSection
	GlobalSection(ProjectConfigurationPlatforms) = postSolution
		{1B1A69C5-8409-4FE4-9C03-39503D997065}.Debug|Any CPU.ActiveCfg = Debug|Any CPU
		{1B1A69C5-8409-4FE4-9C03-39503D997065}.Debug|Any CPU.Build.0 = Debug|Any CPU
		{1B1A69C5-8409-4FE4-9C03-39503D997065}.Release|Any CPU.ActiveCfg = Release|Any CPU
		{1B1A69C5-8409-4FE4-9C03-39503D997065}.Release|Any CPU.Build.0 = Release|Any CPU
	EndGlobalSection
	GlobalSection(SolutionProperties) = preSolution
		HideSolutionNode = FALSE
	EndGlobalSection
	GlobalSection(ExtensibilityGlobals) = postSolution
		SolutionGuid = {F6B25247-FD37-44CE-B26B-90C1253ABAE0}
	EndGlobalSection
EndGlobal
