
Microsoft Visual Studio Solution File, Format Version 12.00
# Visual Studio Version 17
VisualStudioVersion = 17.14.36408.4 d17.14
MinimumVisualStudioVersion = 10.0.40219.1
Project("{FAE04EC0-301F-11D3-BF4B-00C04F79EFBC}") = "BT_4_2509", "BT_4_2509.csproj", "{ECED078B-1A7A-4A0D-AFF2-9265D362A297}"
EndProject
Global
	GlobalSection(SolutionConfigurationPlatforms) = preSolution
		Debug|Any CPU = Debug|Any CPU
		Release|Any CPU = Release|Any CPU
	EndGlobalSection
	GlobalSection(ProjectConfigurationPlatforms) = postSolution
		{ECED078B-1A7A-4A0D-AFF2-9265D362A297}.Debug|Any CPU.ActiveCfg = Debug|Any CPU
		{ECED078B-1A7A-4A0D-AFF2-9265D362A297}.Debug|Any CPU.Build.0 = Debug|Any CPU
		{ECED078B-1A7A-4A0D-AFF2-9265D362A297}.Release|Any CPU.ActiveCfg = Release|Any CPU
		{ECED078B-1A7A-4A0D-AFF2-9265D362A297}.Release|Any CPU.Build.0 = Release|Any CPU
	EndGlobalSection
	GlobalSection(SolutionProperties) = preSolution
		HideSolutionNode = FALSE
	EndGlobalSection
	GlobalSection(ExtensibilityGlobals) = postSolution
		SolutionGuid = {3D2AFD18-D15D-4822-9852-4B7D0C805AB9}
	EndGlobalSection
EndGlobal
