
Microsoft Visual Studio Solution File, Format Version 12.00
# Visual Studio Version 17
VisualStudioVersion = 17.14.36408.4 d17.14
MinimumVisualStudioVersion = 10.0.40219.1
Project("{FAE04EC0-301F-11D3-BF4B-00C04F79EFBC}") = "BT_MAU_2509", "BT_MAU_2509.csproj", "{07CC0267-FFF0-46BB-8CB2-7C115BA10405}"
EndProject
Global
	GlobalSection(SolutionConfigurationPlatforms) = preSolution
		Debug|Any CPU = Debug|Any CPU
		Release|Any CPU = Release|Any CPU
	EndGlobalSection
	GlobalSection(ProjectConfigurationPlatforms) = postSolution
		{07CC0267-FFF0-46BB-8CB2-7C115BA10405}.Debug|Any CPU.ActiveCfg = Debug|Any CPU
		{07CC0267-FFF0-46BB-8CB2-7C115BA10405}.Debug|Any CPU.Build.0 = Debug|Any CPU
		{07CC0267-FFF0-46BB-8CB2-7C115BA10405}.Release|Any CPU.ActiveCfg = Release|Any CPU
		{07CC0267-FFF0-46BB-8CB2-7C115BA10405}.Release|Any CPU.Build.0 = Release|Any CPU
	EndGlobalSection
	GlobalSection(SolutionProperties) = preSolution
		HideSolutionNode = FALSE
	EndGlobalSection
	GlobalSection(ExtensibilityGlobals) = postSolution
		SolutionGuid = {FC838A9A-BEE1-407F-AED8-747466058ABC}
	EndGlobalSection
EndGlobal
